
Microsoft Visual Studio Solution File, Format Version 12.00
# Visual Studio Version 16
VisualStudioVersion = 16.0.31624.102
MinimumVisualStudioVersion = 10.0.40219.1
Project("{2150E333-8FDC-42A3-9474-1A3956D46DE8}") = "src", "src", "{CCFD19A5-A787-48CE-B09C-BF6E3AE17F66}"
EndProject
Project("{2150E333-8FDC-42A3-9474-1A3956D46DE8}") = "examples", "examples", "{00F51943-5B84-4A14-8C88-64BE8298C126}"
EndProject
Project("{9A19103F-16F7-4668-BE54-9A1E7A4F7556}") = "ApiMapping", "src\ApiMapping\ApiMapping.csproj", "{E1D3170F-6EC1-445F-9FB9-EA3A846C74A5}"
EndProject
Project("{9A19103F-16F7-4668-BE54-9A1E7A4F7556}") = "ExampleProjectsCommomResources", "examples\ExampleProjectsCommomResources\ExampleProjectsCommomResources.csproj", "{11A25750-79D8-45C2-805A-D2B1A9636C4C}"
EndProject
Project("{9A19103F-16F7-4668-BE54-9A1E7A4F7556}") = "ReportGeneratorApplication", "examples\ReportGeneratorApplication\ReportGeneratorApplication.csproj", "{8B7CB336-7C80-49B1-AF74-96A5F4BC3CBB}"
EndProject
Project("{9A19103F-16F7-4668-BE54-9A1E7A4F7556}") = "API_1", "examples\API_1\API_1.csproj", "{DCC2CB47-4B25-4BC2-8BD2-3A362B460B04}"
EndProject
Project("{9A19103F-16F7-4668-BE54-9A1E7A4F7556}") = "API_2", "examples\API_2\API_2.csproj", "{294657A0-7A27-4A31-8893-699679C27FB5}"
EndProject
Project("{9A19103F-16F7-4668-BE54-9A1E7A4F7556}") = "API_3", "examples\API_3\API_3.csproj", "{A3A57A59-C899-4FF7-87A7-185BC04D6563}"
EndProject
Project("{9A19103F-16F7-4668-BE54-9A1E7A4F7556}") = "API_4", "examples\API_4\API_4.csproj", "{10433E32-108F-4807-A4FE-A3FA9EBBDB48}"
EndProject
Project("{9A19103F-16F7-4668-BE54-9A1E7A4F7556}") = "API_5", "examples\API_5\API_5.csproj", "{1C7A3A20-6E6C-461C-BACF-6F01CCDF652C}"
EndProject
Project("{9A19103F-16F7-4668-BE54-9A1E7A4F7556}") = "API_6", "examples\API_6\API_6.csproj", "{4F23AEA7-215C-4AB4-B98C-7741BE6DE841}"
EndProject
Project("{9A19103F-16F7-4668-BE54-9A1E7A4F7556}") = "API_7", "examples\API_7\API_7.csproj", "{FE5A4A25-B1B0-4F3A-81CC-A8B27F31754D}"
EndProject
Global
	GlobalSection(SolutionConfigurationPlatforms) = preSolution
		Debug|Any CPU = Debug|Any CPU
		Release|Any CPU = Release|Any CPU
	EndGlobalSection
	GlobalSection(ProjectConfigurationPlatforms) = postSolution
		{E1D3170F-6EC1-445F-9FB9-EA3A846C74A5}.Debug|Any CPU.ActiveCfg = Debug|Any CPU
		{E1D3170F-6EC1-445F-9FB9-EA3A846C74A5}.Debug|Any CPU.Build.0 = Debug|Any CPU
		{E1D3170F-6EC1-445F-9FB9-EA3A846C74A5}.Release|Any CPU.ActiveCfg = Release|Any CPU
		{E1D3170F-6EC1-445F-9FB9-EA3A846C74A5}.Release|Any CPU.Build.0 = Release|Any CPU
		{11A25750-79D8-45C2-805A-D2B1A9636C4C}.Debug|Any CPU.ActiveCfg = Debug|Any CPU
		{11A25750-79D8-45C2-805A-D2B1A9636C4C}.Debug|Any CPU.Build.0 = Debug|Any CPU
		{11A25750-79D8-45C2-805A-D2B1A9636C4C}.Release|Any CPU.ActiveCfg = Release|Any CPU
		{11A25750-79D8-45C2-805A-D2B1A9636C4C}.Release|Any CPU.Build.0 = Release|Any CPU
		{8B7CB336-7C80-49B1-AF74-96A5F4BC3CBB}.Debug|Any CPU.ActiveCfg = Debug|Any CPU
		{8B7CB336-7C80-49B1-AF74-96A5F4BC3CBB}.Debug|Any CPU.Build.0 = Debug|Any CPU
		{8B7CB336-7C80-49B1-AF74-96A5F4BC3CBB}.Release|Any CPU.ActiveCfg = Release|Any CPU
		{8B7CB336-7C80-49B1-AF74-96A5F4BC3CBB}.Release|Any CPU.Build.0 = Release|Any CPU
		{DCC2CB47-4B25-4BC2-8BD2-3A362B460B04}.Debug|Any CPU.ActiveCfg = Debug|Any CPU
		{DCC2CB47-4B25-4BC2-8BD2-3A362B460B04}.Debug|Any CPU.Build.0 = Debug|Any CPU
		{DCC2CB47-4B25-4BC2-8BD2-3A362B460B04}.Release|Any CPU.ActiveCfg = Release|Any CPU
		{DCC2CB47-4B25-4BC2-8BD2-3A362B460B04}.Release|Any CPU.Build.0 = Release|Any CPU
		{294657A0-7A27-4A31-8893-699679C27FB5}.Debug|Any CPU.ActiveCfg = Debug|Any CPU
		{294657A0-7A27-4A31-8893-699679C27FB5}.Debug|Any CPU.Build.0 = Debug|Any CPU
		{294657A0-7A27-4A31-8893-699679C27FB5}.Release|Any CPU.ActiveCfg = Release|Any CPU
		{294657A0-7A27-4A31-8893-699679C27FB5}.Release|Any CPU.Build.0 = Release|Any CPU
		{A3A57A59-C899-4FF7-87A7-185BC04D6563}.Debug|Any CPU.ActiveCfg = Debug|Any CPU
		{A3A57A59-C899-4FF7-87A7-185BC04D6563}.Debug|Any CPU.Build.0 = Debug|Any CPU
		{A3A57A59-C899-4FF7-87A7-185BC04D6563}.Release|Any CPU.ActiveCfg = Release|Any CPU
		{A3A57A59-C899-4FF7-87A7-185BC04D6563}.Release|Any CPU.Build.0 = Release|Any CPU
		{10433E32-108F-4807-A4FE-A3FA9EBBDB48}.Debug|Any CPU.ActiveCfg = Debug|Any CPU
		{10433E32-108F-4807-A4FE-A3FA9EBBDB48}.Debug|Any CPU.Build.0 = Debug|Any CPU
		{10433E32-108F-4807-A4FE-A3FA9EBBDB48}.Release|Any CPU.ActiveCfg = Release|Any CPU
		{10433E32-108F-4807-A4FE-A3FA9EBBDB48}.Release|Any CPU.Build.0 = Release|Any CPU
		{1C7A3A20-6E6C-461C-BACF-6F01CCDF652C}.Debug|Any CPU.ActiveCfg = Debug|Any CPU
		{1C7A3A20-6E6C-461C-BACF-6F01CCDF652C}.Debug|Any CPU.Build.0 = Debug|Any CPU
		{1C7A3A20-6E6C-461C-BACF-6F01CCDF652C}.Release|Any CPU.ActiveCfg = Release|Any CPU
		{1C7A3A20-6E6C-461C-BACF-6F01CCDF652C}.Release|Any CPU.Build.0 = Release|Any CPU
		{4F23AEA7-215C-4AB4-B98C-7741BE6DE841}.Debug|Any CPU.ActiveCfg = Debug|Any CPU
		{4F23AEA7-215C-4AB4-B98C-7741BE6DE841}.Debug|Any CPU.Build.0 = Debug|Any CPU
		{4F23AEA7-215C-4AB4-B98C-7741BE6DE841}.Release|Any CPU.ActiveCfg = Release|Any CPU
		{4F23AEA7-215C-4AB4-B98C-7741BE6DE841}.Release|Any CPU.Build.0 = Release|Any CPU
		{FE5A4A25-B1B0-4F3A-81CC-A8B27F31754D}.Debug|Any CPU.ActiveCfg = Debug|Any CPU
		{FE5A4A25-B1B0-4F3A-81CC-A8B27F31754D}.Debug|Any CPU.Build.0 = Debug|Any CPU
		{FE5A4A25-B1B0-4F3A-81CC-A8B27F31754D}.Release|Any CPU.ActiveCfg = Release|Any CPU
		{FE5A4A25-B1B0-4F3A-81CC-A8B27F31754D}.Release|Any CPU.Build.0 = Release|Any CPU
	EndGlobalSection
	GlobalSection(SolutionProperties) = preSolution
		HideSolutionNode = FALSE
	EndGlobalSection
	GlobalSection(NestedProjects) = preSolution
		{E1D3170F-6EC1-445F-9FB9-EA3A846C74A5} = {CCFD19A5-A787-48CE-B09C-BF6E3AE17F66}
		{11A25750-79D8-45C2-805A-D2B1A9636C4C} = {00F51943-5B84-4A14-8C88-64BE8298C126}
		{8B7CB336-7C80-49B1-AF74-96A5F4BC3CBB} = {00F51943-5B84-4A14-8C88-64BE8298C126}
		{DCC2CB47-4B25-4BC2-8BD2-3A362B460B04} = {00F51943-5B84-4A14-8C88-64BE8298C126}
		{294657A0-7A27-4A31-8893-699679C27FB5} = {00F51943-5B84-4A14-8C88-64BE8298C126}
		{A3A57A59-C899-4FF7-87A7-185BC04D6563} = {00F51943-5B84-4A14-8C88-64BE8298C126}
		{10433E32-108F-4807-A4FE-A3FA9EBBDB48} = {00F51943-5B84-4A14-8C88-64BE8298C126}
		{1C7A3A20-6E6C-461C-BACF-6F01CCDF652C} = {00F51943-5B84-4A14-8C88-64BE8298C126}
		{4F23AEA7-215C-4AB4-B98C-7741BE6DE841} = {00F51943-5B84-4A14-8C88-64BE8298C126}
		{FE5A4A25-B1B0-4F3A-81CC-A8B27F31754D} = {00F51943-5B84-4A14-8C88-64BE8298C126}
	EndGlobalSection
	GlobalSection(ExtensibilityGlobals) = postSolution
		SolutionGuid = {F04B62FC-257D-4C05-809A-083F426FB9A6}
	EndGlobalSection
EndGlobal
